
Microsoft Visual Studio Solution File, Format Version 12.00
# Visual Studio Version 16
VisualStudioVersion = 16.0.31112.23
MinimumVisualStudioVersion = 10.0.40219.1
Project("{FAE04EC0-301F-11D3-BF4B-00C04F79EFBC}") = "Labelary Example", "Labelary Example\Labelary Example.csproj", "{AA3A10E3-59E0-4CF3-B933-470F4556D6FD}"
EndProject
Global
	GlobalSection(SolutionConfigurationPlatforms) = preSolution
		Debug|Any CPU = Debug|Any CPU
		Release|Any CPU = Release|Any CPU
	EndGlobalSection
	GlobalSection(ProjectConfigurationPlatforms) = postSolution
		{AA3A10E3-59E0-4CF3-B933-470F4556D6FD}.Debug|Any CPU.ActiveCfg = Debug|Any CPU
		{AA3A10E3-59E0-4CF3-B933-470F4556D6FD}.Debug|Any CPU.Build.0 = Debug|Any CPU
		{AA3A10E3-59E0-4CF3-B933-470F4556D6FD}.Release|Any CPU.ActiveCfg = Release|Any CPU
		{AA3A10E3-59E0-4CF3-B933-470F4556D6FD}.Release|Any CPU.Build.0 = Release|Any CPU
	EndGlobalSection
	GlobalSection(SolutionProperties) = preSolution
		HideSolutionNode = FALSE
	EndGlobalSection
	GlobalSection(ExtensibilityGlobals) = postSolution
		SolutionGuid = {C3346A2D-1681-4216-9946-4A4BB977E051}
	EndGlobalSection
EndGlobal
