
Microsoft Visual Studio Solution File, Format Version 12.00
# Visual Studio Version 16
VisualStudioVersion = 16.0.31112.23
MinimumVisualStudioVersion = 10.0.40219.1
Project("{9A19103F-16F7-4668-BE54-9A1E7A4F7556}") = "Virtual Printer", "VirtualPrinter\Virtual Printer.csproj", "{CC5E27BD-64BE-4D5A-91B9-388BCC20FA56}"
EndProject
Project("{9A19103F-16F7-4668-BE54-9A1E7A4F7556}") = "Labelary Example", "Labelary Example\Labelary Example.csproj", "{471F6992-FEFC-40AD-BCBB-8C3365FC8A58}"
EndProject
Project("{FAE04EC0-301F-11D3-BF4B-00C04F79EFBC}") = "Labelary.Service", "Labelary.Service\Labelary.Service.csproj", "{9CE16721-4F4F-494F-BA94-AB188341FAF8}"
EndProject
Project("{FAE04EC0-301F-11D3-BF4B-00C04F79EFBC}") = "Labelary.Abstractions", "Labelary.Abstractions\Labelary.Abstractions.csproj", "{11E169BF-2804-4D7F-A9EE-F4F4B16C7E5C}"
EndProject
Project("{FAE04EC0-301F-11D3-BF4B-00C04F79EFBC}") = "ImageCache.Abstractions", "ImageCache.Abstractions\ImageCache.Abstractions.csproj", "{D1CB31B6-8579-44B5-B6FE-6B8B89A7B5A3}"
EndProject
Project("{9A19103F-16F7-4668-BE54-9A1E7A4F7556}") = "ImageCache.Repository", "ImageCache.Repository\ImageCache.Repository.csproj", "{184BBFDD-E5EB-477F-BC6A-6990E92BDC0C}"
EndProject
Global
	GlobalSection(SolutionConfigurationPlatforms) = preSolution
		Debug|Any CPU = Debug|Any CPU
		Release|Any CPU = Release|Any CPU
	EndGlobalSection
	GlobalSection(ProjectConfigurationPlatforms) = postSolution
		{CC5E27BD-64BE-4D5A-91B9-388BCC20FA56}.Debug|Any CPU.ActiveCfg = Debug|Any CPU
		{CC5E27BD-64BE-4D5A-91B9-388BCC20FA56}.Debug|Any CPU.Build.0 = Debug|Any CPU
		{CC5E27BD-64BE-4D5A-91B9-388BCC20FA56}.Release|Any CPU.ActiveCfg = Release|Any CPU
		{CC5E27BD-64BE-4D5A-91B9-388BCC20FA56}.Release|Any CPU.Build.0 = Release|Any CPU
		{471F6992-FEFC-40AD-BCBB-8C3365FC8A58}.Debug|Any CPU.ActiveCfg = Debug|Any CPU
		{471F6992-FEFC-40AD-BCBB-8C3365FC8A58}.Debug|Any CPU.Build.0 = Debug|Any CPU
		{471F6992-FEFC-40AD-BCBB-8C3365FC8A58}.Release|Any CPU.ActiveCfg = Release|Any CPU
		{471F6992-FEFC-40AD-BCBB-8C3365FC8A58}.Release|Any CPU.Build.0 = Release|Any CPU
		{9CE16721-4F4F-494F-BA94-AB188341FAF8}.Debug|Any CPU.ActiveCfg = Debug|Any CPU
		{9CE16721-4F4F-494F-BA94-AB188341FAF8}.Debug|Any CPU.Build.0 = Debug|Any CPU
		{9CE16721-4F4F-494F-BA94-AB188341FAF8}.Release|Any CPU.ActiveCfg = Release|Any CPU
		{9CE16721-4F4F-494F-BA94-AB188341FAF8}.Release|Any CPU.Build.0 = Release|Any CPU
		{11E169BF-2804-4D7F-A9EE-F4F4B16C7E5C}.Debug|Any CPU.ActiveCfg = Debug|Any CPU
		{11E169BF-2804-4D7F-A9EE-F4F4B16C7E5C}.Debug|Any CPU.Build.0 = Debug|Any CPU
		{11E169BF-2804-4D7F-A9EE-F4F4B16C7E5C}.Release|Any CPU.ActiveCfg = Release|Any CPU
		{11E169BF-2804-4D7F-A9EE-F4F4B16C7E5C}.Release|Any CPU.Build.0 = Release|Any CPU
		{D1CB31B6-8579-44B5-B6FE-6B8B89A7B5A3}.Debug|Any CPU.ActiveCfg = Debug|Any CPU
		{D1CB31B6-8579-44B5-B6FE-6B8B89A7B5A3}.Debug|Any CPU.Build.0 = Debug|Any CPU
		{D1CB31B6-8579-44B5-B6FE-6B8B89A7B5A3}.Release|Any CPU.ActiveCfg = Release|Any CPU
		{D1CB31B6-8579-44B5-B6FE-6B8B89A7B5A3}.Release|Any CPU.Build.0 = Release|Any CPU
		{184BBFDD-E5EB-477F-BC6A-6990E92BDC0C}.Debug|Any CPU.ActiveCfg = Debug|Any CPU
		{184BBFDD-E5EB-477F-BC6A-6990E92BDC0C}.Debug|Any CPU.Build.0 = Debug|Any CPU
		{184BBFDD-E5EB-477F-BC6A-6990E92BDC0C}.Release|Any CPU.ActiveCfg = Release|Any CPU
		{184BBFDD-E5EB-477F-BC6A-6990E92BDC0C}.Release|Any CPU.Build.0 = Release|Any CPU
	EndGlobalSection
	GlobalSection(SolutionProperties) = preSolution
		HideSolutionNode = FALSE
	EndGlobalSection
	GlobalSection(ExtensibilityGlobals) = postSolution
		SolutionGuid = {B044B05A-9DC2-4AC1-9957-9EBE460C2EDD}
	EndGlobalSection
EndGlobal
