
Microsoft Visual Studio Solution File, Format Version 12.00
# Visual Studio Version 16
VisualStudioVersion = 16.0.31112.23
MinimumVisualStudioVersion = 10.0.40219.1
Project("{9A19103F-16F7-4668-BE54-9A1E7A4F7556}") = "Virtual Printer", "VirtualPrinter\Virtual Printer.csproj", "{CC5E27BD-64BE-4D5A-91B9-388BCC20FA56}"
EndProject
Project("{9A19103F-16F7-4668-BE54-9A1E7A4F7556}") = "Labelary Example", "Labelary Example\Labelary Example.csproj", "{471F6992-FEFC-40AD-BCBB-8C3365FC8A58}"
EndProject
Project("{9A19103F-16F7-4668-BE54-9A1E7A4F7556}") = "Print Direct Example", "Print Direct Example\Print Direct Example.csproj", "{08D5397C-B0EF-41A1-AB42-F62F59773F8B}"
EndProject
Project("{FAE04EC0-301F-11D3-BF4B-00C04F79EFBC}") = "Print Client", "Print Client\Print Client.csproj", "{DEDBA595-E309-4D38-8FEB-DC9C8D41BC9F}"
EndProject
Global
	GlobalSection(SolutionConfigurationPlatforms) = preSolution
		Debug|Any CPU = Debug|Any CPU
		Release|Any CPU = Release|Any CPU
	EndGlobalSection
	GlobalSection(ProjectConfigurationPlatforms) = postSolution
		{CC5E27BD-64BE-4D5A-91B9-388BCC20FA56}.Debug|Any CPU.ActiveCfg = Debug|Any CPU
		{CC5E27BD-64BE-4D5A-91B9-388BCC20FA56}.Debug|Any CPU.Build.0 = Debug|Any CPU
		{CC5E27BD-64BE-4D5A-91B9-388BCC20FA56}.Release|Any CPU.ActiveCfg = Release|Any CPU
		{CC5E27BD-64BE-4D5A-91B9-388BCC20FA56}.Release|Any CPU.Build.0 = Release|Any CPU
		{471F6992-FEFC-40AD-BCBB-8C3365FC8A58}.Debug|Any CPU.ActiveCfg = Debug|Any CPU
		{471F6992-FEFC-40AD-BCBB-8C3365FC8A58}.Debug|Any CPU.Build.0 = Debug|Any CPU
		{471F6992-FEFC-40AD-BCBB-8C3365FC8A58}.Release|Any CPU.ActiveCfg = Release|Any CPU
		{471F6992-FEFC-40AD-BCBB-8C3365FC8A58}.Release|Any CPU.Build.0 = Release|Any CPU
		{08D5397C-B0EF-41A1-AB42-F62F59773F8B}.Debug|Any CPU.ActiveCfg = Debug|Any CPU
		{08D5397C-B0EF-41A1-AB42-F62F59773F8B}.Debug|Any CPU.Build.0 = Debug|Any CPU
		{08D5397C-B0EF-41A1-AB42-F62F59773F8B}.Release|Any CPU.ActiveCfg = Release|Any CPU
		{08D5397C-B0EF-41A1-AB42-F62F59773F8B}.Release|Any CPU.Build.0 = Release|Any CPU
		{DEDBA595-E309-4D38-8FEB-DC9C8D41BC9F}.Debug|Any CPU.ActiveCfg = Debug|Any CPU
		{DEDBA595-E309-4D38-8FEB-DC9C8D41BC9F}.Debug|Any CPU.Build.0 = Debug|Any CPU
		{DEDBA595-E309-4D38-8FEB-DC9C8D41BC9F}.Release|Any CPU.ActiveCfg = Release|Any CPU
		{DEDBA595-E309-4D38-8FEB-DC9C8D41BC9F}.Release|Any CPU.Build.0 = Release|Any CPU
	EndGlobalSection
	GlobalSection(SolutionProperties) = preSolution
		HideSolutionNode = FALSE
	EndGlobalSection
	GlobalSection(ExtensibilityGlobals) = postSolution
		SolutionGuid = {B044B05A-9DC2-4AC1-9957-9EBE460C2EDD}
	EndGlobalSection
EndGlobal
