
Microsoft Visual Studio Solution File, Format Version 12.00
# Visual Studio Version 17
VisualStudioVersion = 17.2.32519.379
MinimumVisualStudioVersion = 10.0.40219.1
Project("{9A19103F-16F7-4668-BE54-9A1E7A4F7556}") = "Virtual ZPL Printer", "VirtualPrinter\Virtual ZPL Printer.csproj", "{CC5E27BD-64BE-4D5A-91B9-388BCC20FA56}"
EndProject
Project("{9A19103F-16F7-4668-BE54-9A1E7A4F7556}") = "Labelary Example", "Labelary Example\Labelary Example.csproj", "{471F6992-FEFC-40AD-BCBB-8C3365FC8A58}"
EndProject
Project("{9A19103F-16F7-4668-BE54-9A1E7A4F7556}") = "Labelary.Service", "Labelary.Service\Labelary.Service.csproj", "{9CE16721-4F4F-494F-BA94-AB188341FAF8}"
EndProject
Project("{9A19103F-16F7-4668-BE54-9A1E7A4F7556}") = "Labelary.Abstractions", "Labelary.Abstractions\Labelary.Abstractions.csproj", "{11E169BF-2804-4D7F-A9EE-F4F4B16C7E5C}"
EndProject
Project("{9A19103F-16F7-4668-BE54-9A1E7A4F7556}") = "ImageCache.Abstractions", "ImageCache.Abstractions\ImageCache.Abstractions.csproj", "{D1CB31B6-8579-44B5-B6FE-6B8B89A7B5A3}"
EndProject
Project("{9A19103F-16F7-4668-BE54-9A1E7A4F7556}") = "ImageCache.Repository", "ImageCache.Repository\ImageCache.Repository.csproj", "{184BBFDD-E5EB-477F-BC6A-6990E92BDC0C}"
EndProject
Project("{54435603-DBB4-11D2-8724-00A0C9A8B90C}") = "Virtual ZPL Printer Setup", "VirtualPrinter-Setup\VirtualPrinter-Setup.vdproj", "{6F2A4B7F-333D-4910-87F8-E9A255C50F65}"
EndProject
Project("{9A19103F-16F7-4668-BE54-9A1E7A4F7556}") = "VirtualPrinter.Db.Abstractions", "VirtualPrinter.Db.Abstractions\VirtualPrinter.Db.Abstractions.csproj", "{B83F85EB-BCF6-43DA-8A07-F6F2049D899D}"
EndProject
Project("{9A19103F-16F7-4668-BE54-9A1E7A4F7556}") = "VirtualPrinter.Db.Ef", "VirtualPrinter.Db.Ef\VirtualPrinter.Db.Ef.csproj", "{B1AF2E8D-3350-4B00-8A4F-4101B234325F}"
EndProject
Project("{9A19103F-16F7-4668-BE54-9A1E7A4F7556}") = "VirtualPrinter.FontService", "VirtualPrinter.FontService\VirtualPrinter.FontService.csproj", "{DEEAAC42-DB82-46DA-AD34-A24027DEB202}"
EndProject
Project("{9A19103F-16F7-4668-BE54-9A1E7A4F7556}") = "VirtualPrinter.ApplicationSettings", "VirtualPrinter.ApplicationSettings\VirtualPrinter.ApplicationSettings.csproj", "{8C2697EA-494A-4B7C-8D0E-DE60F80BB115}"
EndProject
Project("{9A19103F-16F7-4668-BE54-9A1E7A4F7556}") = "VirtualPrinter.PublishSubscribe", "VirtualPrinter.PublishSubscribe\VirtualPrinter.PublishSubscribe.csproj", "{7710DBB1-CB8F-4118-AC30-CC08CB6936E7}"
EndProject
Project("{9A19103F-16F7-4668-BE54-9A1E7A4F7556}") = "VirtualPrinter.Handler.HostStatus", "VirtualPrinter.Handler.HostStatus\VirtualPrinter.Handler.HostStatus.csproj", "{DF80609A-FD7C-40EB-8E85-A18E396EC504}"
EndProject
Project("{9A19103F-16F7-4668-BE54-9A1E7A4F7556}") = "VirtualPrinter.Handler.Abstractions", "VirtualPrinter.Handler.Abstractions\VirtualPrinter.Handler.Abstractions.csproj", "{286D4F65-A0B1-4E28-8934-2A10033E5382}"
EndProject
Project("{2150E333-8FDC-42A3-9474-1A3956D46DE8}") = "Request Handlers", "Request Handlers", "{A9DEB4E4-525B-4043-A2FD-8CC9CBC9FD87}"
EndProject
Project("{9A19103F-16F7-4668-BE54-9A1E7A4F7556}") = "VirtualPrinter.Handler.Zpl", "VirtualPrinter.Handler.Zpl\VirtualPrinter.Handler.Zpl.csproj", "{A7204E8E-459A-4E35-B514-2AD4AC1E6AFF}"
EndProject
Project("{9A19103F-16F7-4668-BE54-9A1E7A4F7556}") = "VirtualPrinter.Handler.Nop", "VirtualPrinter.Handler.Nop\VirtualPrinter.Handler.Nop.csproj", "{AD2AFE8C-D675-47F1-9DA8-6B068AE48830}"
EndProject
Project("{2150E333-8FDC-42A3-9474-1A3956D46DE8}") = "Database", "Database", "{A906671C-6741-4C81-8648-BA96273E8292}"
EndProject
Project("{2150E333-8FDC-42A3-9474-1A3956D46DE8}") = "Labelary", "Labelary", "{802C585D-2D80-459C-8149-5EA27BECD876}"
EndProject
Project("{2150E333-8FDC-42A3-9474-1A3956D46DE8}") = "Image Cache", "Image Cache", "{90D44B21-B0B5-45E0-AEC3-D3EEEDBCDB1D}"
EndProject
Project("{2150E333-8FDC-42A3-9474-1A3956D46DE8}") = "Shared", "Shared", "{998059AA-CE27-45C5-BF89-D60A5DDEC3C7}"
EndProject
Project("{2150E333-8FDC-42A3-9474-1A3956D46DE8}") = "Hosted Services", "Hosted Services", "{049B6BC8-64FB-495A-959B-3D8A598E1747}"
EndProject
Project("{9A19103F-16F7-4668-BE54-9A1E7A4F7556}") = "VirtualPrinter.HostedService.PrintSystem", "VirtualPrinter.HostedService.PrintSystem\VirtualPrinter.HostedService.PrintSystem.csproj", "{347087E1-418F-4929-9514-65308939E8F3}"
EndProject
Project("{9A19103F-16F7-4668-BE54-9A1E7A4F7556}") = "VirtualPrinter.HostedService.TcpSystem", "VirtualPrinter.HostedService.TcpSystem\VirtualPrinter.HostedService.TcpSystem.csproj", "{D93F64D7-501F-410A-99BB-0A3EEF7CB8DE}"
EndProject
Project("{9A19103F-16F7-4668-BE54-9A1E7A4F7556}") = "VirtualPrinter.Repository.HostAddresses", "VirtualPrinter.Repository.HostAddresses\VirtualPrinter.Repository.HostAddresses.csproj", "{44E19F72-396D-4BD4-A62D-BEE07F31461B}"
EndProject
Project("{9A19103F-16F7-4668-BE54-9A1E7A4F7556}") = "VirtualPrinter.Repository.LabelParameters", "VirtualPrinter.Repository.LabelParameters\VirtualPrinter.Repository.LabelParameters.csproj", "{2C0B8D22-1A2D-45CB-987D-7033A027238C}"
EndProject
Project("{9A19103F-16F7-4668-BE54-9A1E7A4F7556}") = "VirtualPrinter.TemplateManager", "VirtualPrinter.TemplateManager\VirtualPrinter.TemplateManager.csproj", "{5ABDD52C-C08D-4DDB-9BA8-DE9E9C646896}"
EndProject
Project("{9A19103F-16F7-4668-BE54-9A1E7A4F7556}") = "VirtualPrinter.TestClient", "VirtualPrinter.TcpClient\VirtualPrinter.TestClient.csproj", "{FF57D022-B7CA-4FC1-943C-03E8F27C294A}"
EndProject
Global
	GlobalSection(SolutionConfigurationPlatforms) = preSolution
		Debug|Any CPU = Debug|Any CPU
		Debug|x64 = Debug|x64
		Release|Any CPU = Release|Any CPU
		Release|x64 = Release|x64
	EndGlobalSection
	GlobalSection(ProjectConfigurationPlatforms) = postSolution
		{CC5E27BD-64BE-4D5A-91B9-388BCC20FA56}.Debug|Any CPU.ActiveCfg = Debug|Any CPU
		{CC5E27BD-64BE-4D5A-91B9-388BCC20FA56}.Debug|Any CPU.Build.0 = Debug|Any CPU
		{CC5E27BD-64BE-4D5A-91B9-388BCC20FA56}.Debug|x64.ActiveCfg = Debug|x64
		{CC5E27BD-64BE-4D5A-91B9-388BCC20FA56}.Debug|x64.Build.0 = Debug|x64
		{CC5E27BD-64BE-4D5A-91B9-388BCC20FA56}.Release|Any CPU.ActiveCfg = Release|Any CPU
		{CC5E27BD-64BE-4D5A-91B9-388BCC20FA56}.Release|Any CPU.Build.0 = Release|Any CPU
		{CC5E27BD-64BE-4D5A-91B9-388BCC20FA56}.Release|x64.ActiveCfg = Release|x64
		{CC5E27BD-64BE-4D5A-91B9-388BCC20FA56}.Release|x64.Build.0 = Release|x64
		{471F6992-FEFC-40AD-BCBB-8C3365FC8A58}.Debug|Any CPU.ActiveCfg = Debug|Any CPU
		{471F6992-FEFC-40AD-BCBB-8C3365FC8A58}.Debug|Any CPU.Build.0 = Debug|Any CPU
		{471F6992-FEFC-40AD-BCBB-8C3365FC8A58}.Debug|x64.ActiveCfg = Debug|x64
		{471F6992-FEFC-40AD-BCBB-8C3365FC8A58}.Debug|x64.Build.0 = Debug|x64
		{471F6992-FEFC-40AD-BCBB-8C3365FC8A58}.Release|Any CPU.ActiveCfg = Release|Any CPU
		{471F6992-FEFC-40AD-BCBB-8C3365FC8A58}.Release|Any CPU.Build.0 = Release|Any CPU
		{471F6992-FEFC-40AD-BCBB-8C3365FC8A58}.Release|x64.ActiveCfg = Release|x64
		{471F6992-FEFC-40AD-BCBB-8C3365FC8A58}.Release|x64.Build.0 = Release|x64
		{9CE16721-4F4F-494F-BA94-AB188341FAF8}.Debug|Any CPU.ActiveCfg = Debug|Any CPU
		{9CE16721-4F4F-494F-BA94-AB188341FAF8}.Debug|Any CPU.Build.0 = Debug|Any CPU
		{9CE16721-4F4F-494F-BA94-AB188341FAF8}.Debug|x64.ActiveCfg = Debug|x64
		{9CE16721-4F4F-494F-BA94-AB188341FAF8}.Debug|x64.Build.0 = Debug|x64
		{9CE16721-4F4F-494F-BA94-AB188341FAF8}.Release|Any CPU.ActiveCfg = Release|Any CPU
		{9CE16721-4F4F-494F-BA94-AB188341FAF8}.Release|Any CPU.Build.0 = Release|Any CPU
		{9CE16721-4F4F-494F-BA94-AB188341FAF8}.Release|x64.ActiveCfg = Release|x64
		{9CE16721-4F4F-494F-BA94-AB188341FAF8}.Release|x64.Build.0 = Release|x64
		{11E169BF-2804-4D7F-A9EE-F4F4B16C7E5C}.Debug|Any CPU.ActiveCfg = Debug|Any CPU
		{11E169BF-2804-4D7F-A9EE-F4F4B16C7E5C}.Debug|Any CPU.Build.0 = Debug|Any CPU
		{11E169BF-2804-4D7F-A9EE-F4F4B16C7E5C}.Debug|x64.ActiveCfg = Debug|x64
		{11E169BF-2804-4D7F-A9EE-F4F4B16C7E5C}.Debug|x64.Build.0 = Debug|x64
		{11E169BF-2804-4D7F-A9EE-F4F4B16C7E5C}.Release|Any CPU.ActiveCfg = Release|Any CPU
		{11E169BF-2804-4D7F-A9EE-F4F4B16C7E5C}.Release|Any CPU.Build.0 = Release|Any CPU
		{11E169BF-2804-4D7F-A9EE-F4F4B16C7E5C}.Release|x64.ActiveCfg = Release|x64
		{11E169BF-2804-4D7F-A9EE-F4F4B16C7E5C}.Release|x64.Build.0 = Release|x64
		{D1CB31B6-8579-44B5-B6FE-6B8B89A7B5A3}.Debug|Any CPU.ActiveCfg = Debug|Any CPU
		{D1CB31B6-8579-44B5-B6FE-6B8B89A7B5A3}.Debug|Any CPU.Build.0 = Debug|Any CPU
		{D1CB31B6-8579-44B5-B6FE-6B8B89A7B5A3}.Debug|x64.ActiveCfg = Debug|x64
		{D1CB31B6-8579-44B5-B6FE-6B8B89A7B5A3}.Debug|x64.Build.0 = Debug|x64
		{D1CB31B6-8579-44B5-B6FE-6B8B89A7B5A3}.Release|Any CPU.ActiveCfg = Release|Any CPU
		{D1CB31B6-8579-44B5-B6FE-6B8B89A7B5A3}.Release|Any CPU.Build.0 = Release|Any CPU
		{D1CB31B6-8579-44B5-B6FE-6B8B89A7B5A3}.Release|x64.ActiveCfg = Release|x64
		{D1CB31B6-8579-44B5-B6FE-6B8B89A7B5A3}.Release|x64.Build.0 = Release|x64
		{184BBFDD-E5EB-477F-BC6A-6990E92BDC0C}.Debug|Any CPU.ActiveCfg = Debug|Any CPU
		{184BBFDD-E5EB-477F-BC6A-6990E92BDC0C}.Debug|Any CPU.Build.0 = Debug|Any CPU
		{184BBFDD-E5EB-477F-BC6A-6990E92BDC0C}.Debug|x64.ActiveCfg = Debug|x64
		{184BBFDD-E5EB-477F-BC6A-6990E92BDC0C}.Debug|x64.Build.0 = Debug|x64
		{184BBFDD-E5EB-477F-BC6A-6990E92BDC0C}.Release|Any CPU.ActiveCfg = Release|Any CPU
		{184BBFDD-E5EB-477F-BC6A-6990E92BDC0C}.Release|Any CPU.Build.0 = Release|Any CPU
		{184BBFDD-E5EB-477F-BC6A-6990E92BDC0C}.Release|x64.ActiveCfg = Release|x64
		{184BBFDD-E5EB-477F-BC6A-6990E92BDC0C}.Release|x64.Build.0 = Release|x64
		{6F2A4B7F-333D-4910-87F8-E9A255C50F65}.Debug|Any CPU.ActiveCfg = Debug
		{6F2A4B7F-333D-4910-87F8-E9A255C50F65}.Debug|Any CPU.Build.0 = Debug
		{6F2A4B7F-333D-4910-87F8-E9A255C50F65}.Debug|x64.ActiveCfg = Debug
		{6F2A4B7F-333D-4910-87F8-E9A255C50F65}.Debug|x64.Build.0 = Debug
		{6F2A4B7F-333D-4910-87F8-E9A255C50F65}.Release|Any CPU.ActiveCfg = Release
		{6F2A4B7F-333D-4910-87F8-E9A255C50F65}.Release|Any CPU.Build.0 = Release
		{6F2A4B7F-333D-4910-87F8-E9A255C50F65}.Release|x64.ActiveCfg = Release
		{6F2A4B7F-333D-4910-87F8-E9A255C50F65}.Release|x64.Build.0 = Release
		{B83F85EB-BCF6-43DA-8A07-F6F2049D899D}.Debug|Any CPU.ActiveCfg = Debug|Any CPU
		{B83F85EB-BCF6-43DA-8A07-F6F2049D899D}.Debug|Any CPU.Build.0 = Debug|Any CPU
		{B83F85EB-BCF6-43DA-8A07-F6F2049D899D}.Debug|x64.ActiveCfg = Debug|x64
		{B83F85EB-BCF6-43DA-8A07-F6F2049D899D}.Debug|x64.Build.0 = Debug|x64
		{B83F85EB-BCF6-43DA-8A07-F6F2049D899D}.Release|Any CPU.ActiveCfg = Release|Any CPU
		{B83F85EB-BCF6-43DA-8A07-F6F2049D899D}.Release|Any CPU.Build.0 = Release|Any CPU
		{B83F85EB-BCF6-43DA-8A07-F6F2049D899D}.Release|x64.ActiveCfg = Release|x64
		{B83F85EB-BCF6-43DA-8A07-F6F2049D899D}.Release|x64.Build.0 = Release|x64
		{B1AF2E8D-3350-4B00-8A4F-4101B234325F}.Debug|Any CPU.ActiveCfg = Debug|Any CPU
		{B1AF2E8D-3350-4B00-8A4F-4101B234325F}.Debug|Any CPU.Build.0 = Debug|Any CPU
		{B1AF2E8D-3350-4B00-8A4F-4101B234325F}.Debug|x64.ActiveCfg = Debug|x64
		{B1AF2E8D-3350-4B00-8A4F-4101B234325F}.Debug|x64.Build.0 = Debug|x64
		{B1AF2E8D-3350-4B00-8A4F-4101B234325F}.Release|Any CPU.ActiveCfg = Release|Any CPU
		{B1AF2E8D-3350-4B00-8A4F-4101B234325F}.Release|Any CPU.Build.0 = Release|Any CPU
		{B1AF2E8D-3350-4B00-8A4F-4101B234325F}.Release|x64.ActiveCfg = Release|x64
		{B1AF2E8D-3350-4B00-8A4F-4101B234325F}.Release|x64.Build.0 = Release|x64
		{DEEAAC42-DB82-46DA-AD34-A24027DEB202}.Debug|Any CPU.ActiveCfg = Debug|Any CPU
		{DEEAAC42-DB82-46DA-AD34-A24027DEB202}.Debug|Any CPU.Build.0 = Debug|Any CPU
		{DEEAAC42-DB82-46DA-AD34-A24027DEB202}.Debug|x64.ActiveCfg = Debug|x64
		{DEEAAC42-DB82-46DA-AD34-A24027DEB202}.Debug|x64.Build.0 = Debug|x64
		{DEEAAC42-DB82-46DA-AD34-A24027DEB202}.Release|Any CPU.ActiveCfg = Release|Any CPU
		{DEEAAC42-DB82-46DA-AD34-A24027DEB202}.Release|Any CPU.Build.0 = Release|Any CPU
		{DEEAAC42-DB82-46DA-AD34-A24027DEB202}.Release|x64.ActiveCfg = Release|x64
		{DEEAAC42-DB82-46DA-AD34-A24027DEB202}.Release|x64.Build.0 = Release|x64
		{8C2697EA-494A-4B7C-8D0E-DE60F80BB115}.Debug|Any CPU.ActiveCfg = Debug|Any CPU
		{8C2697EA-494A-4B7C-8D0E-DE60F80BB115}.Debug|Any CPU.Build.0 = Debug|Any CPU
		{8C2697EA-494A-4B7C-8D0E-DE60F80BB115}.Debug|x64.ActiveCfg = Debug|x64
		{8C2697EA-494A-4B7C-8D0E-DE60F80BB115}.Debug|x64.Build.0 = Debug|x64
		{8C2697EA-494A-4B7C-8D0E-DE60F80BB115}.Release|Any CPU.ActiveCfg = Release|Any CPU
		{8C2697EA-494A-4B7C-8D0E-DE60F80BB115}.Release|Any CPU.Build.0 = Release|Any CPU
		{8C2697EA-494A-4B7C-8D0E-DE60F80BB115}.Release|x64.ActiveCfg = Release|x64
		{8C2697EA-494A-4B7C-8D0E-DE60F80BB115}.Release|x64.Build.0 = Release|x64
		{7710DBB1-CB8F-4118-AC30-CC08CB6936E7}.Debug|Any CPU.ActiveCfg = Debug|Any CPU
		{7710DBB1-CB8F-4118-AC30-CC08CB6936E7}.Debug|Any CPU.Build.0 = Debug|Any CPU
		{7710DBB1-CB8F-4118-AC30-CC08CB6936E7}.Debug|x64.ActiveCfg = Debug|x64
		{7710DBB1-CB8F-4118-AC30-CC08CB6936E7}.Debug|x64.Build.0 = Debug|x64
		{7710DBB1-CB8F-4118-AC30-CC08CB6936E7}.Release|Any CPU.ActiveCfg = Release|Any CPU
		{7710DBB1-CB8F-4118-AC30-CC08CB6936E7}.Release|Any CPU.Build.0 = Release|Any CPU
		{7710DBB1-CB8F-4118-AC30-CC08CB6936E7}.Release|x64.ActiveCfg = Release|x64
		{7710DBB1-CB8F-4118-AC30-CC08CB6936E7}.Release|x64.Build.0 = Release|x64
		{DF80609A-FD7C-40EB-8E85-A18E396EC504}.Debug|Any CPU.ActiveCfg = Debug|Any CPU
		{DF80609A-FD7C-40EB-8E85-A18E396EC504}.Debug|Any CPU.Build.0 = Debug|Any CPU
		{DF80609A-FD7C-40EB-8E85-A18E396EC504}.Debug|x64.ActiveCfg = Debug|x64
		{DF80609A-FD7C-40EB-8E85-A18E396EC504}.Debug|x64.Build.0 = Debug|x64
		{DF80609A-FD7C-40EB-8E85-A18E396EC504}.Release|Any CPU.ActiveCfg = Release|Any CPU
		{DF80609A-FD7C-40EB-8E85-A18E396EC504}.Release|Any CPU.Build.0 = Release|Any CPU
		{DF80609A-FD7C-40EB-8E85-A18E396EC504}.Release|x64.ActiveCfg = Release|x64
		{DF80609A-FD7C-40EB-8E85-A18E396EC504}.Release|x64.Build.0 = Release|x64
		{286D4F65-A0B1-4E28-8934-2A10033E5382}.Debug|Any CPU.ActiveCfg = Debug|Any CPU
		{286D4F65-A0B1-4E28-8934-2A10033E5382}.Debug|Any CPU.Build.0 = Debug|Any CPU
		{286D4F65-A0B1-4E28-8934-2A10033E5382}.Debug|x64.ActiveCfg = Debug|x64
		{286D4F65-A0B1-4E28-8934-2A10033E5382}.Debug|x64.Build.0 = Debug|x64
		{286D4F65-A0B1-4E28-8934-2A10033E5382}.Release|Any CPU.ActiveCfg = Release|Any CPU
		{286D4F65-A0B1-4E28-8934-2A10033E5382}.Release|Any CPU.Build.0 = Release|Any CPU
		{286D4F65-A0B1-4E28-8934-2A10033E5382}.Release|x64.ActiveCfg = Release|x64
		{286D4F65-A0B1-4E28-8934-2A10033E5382}.Release|x64.Build.0 = Release|x64
		{A7204E8E-459A-4E35-B514-2AD4AC1E6AFF}.Debug|Any CPU.ActiveCfg = Debug|Any CPU
		{A7204E8E-459A-4E35-B514-2AD4AC1E6AFF}.Debug|Any CPU.Build.0 = Debug|Any CPU
		{A7204E8E-459A-4E35-B514-2AD4AC1E6AFF}.Debug|x64.ActiveCfg = Debug|x64
		{A7204E8E-459A-4E35-B514-2AD4AC1E6AFF}.Debug|x64.Build.0 = Debug|x64
		{A7204E8E-459A-4E35-B514-2AD4AC1E6AFF}.Release|Any CPU.ActiveCfg = Release|Any CPU
		{A7204E8E-459A-4E35-B514-2AD4AC1E6AFF}.Release|Any CPU.Build.0 = Release|Any CPU
		{A7204E8E-459A-4E35-B514-2AD4AC1E6AFF}.Release|x64.ActiveCfg = Release|x64
		{A7204E8E-459A-4E35-B514-2AD4AC1E6AFF}.Release|x64.Build.0 = Release|x64
		{AD2AFE8C-D675-47F1-9DA8-6B068AE48830}.Debug|Any CPU.ActiveCfg = Debug|Any CPU
		{AD2AFE8C-D675-47F1-9DA8-6B068AE48830}.Debug|Any CPU.Build.0 = Debug|Any CPU
		{AD2AFE8C-D675-47F1-9DA8-6B068AE48830}.Debug|x64.ActiveCfg = Debug|x64
		{AD2AFE8C-D675-47F1-9DA8-6B068AE48830}.Debug|x64.Build.0 = Debug|x64
		{AD2AFE8C-D675-47F1-9DA8-6B068AE48830}.Release|Any CPU.ActiveCfg = Release|Any CPU
		{AD2AFE8C-D675-47F1-9DA8-6B068AE48830}.Release|Any CPU.Build.0 = Release|Any CPU
		{AD2AFE8C-D675-47F1-9DA8-6B068AE48830}.Release|x64.ActiveCfg = Release|x64
		{AD2AFE8C-D675-47F1-9DA8-6B068AE48830}.Release|x64.Build.0 = Release|x64
		{347087E1-418F-4929-9514-65308939E8F3}.Debug|Any CPU.ActiveCfg = Debug|Any CPU
		{347087E1-418F-4929-9514-65308939E8F3}.Debug|Any CPU.Build.0 = Debug|Any CPU
		{347087E1-418F-4929-9514-65308939E8F3}.Debug|x64.ActiveCfg = Debug|x64
		{347087E1-418F-4929-9514-65308939E8F3}.Debug|x64.Build.0 = Debug|x64
		{347087E1-418F-4929-9514-65308939E8F3}.Release|Any CPU.ActiveCfg = Release|Any CPU
		{347087E1-418F-4929-9514-65308939E8F3}.Release|Any CPU.Build.0 = Release|Any CPU
		{347087E1-418F-4929-9514-65308939E8F3}.Release|x64.ActiveCfg = Release|x64
		{347087E1-418F-4929-9514-65308939E8F3}.Release|x64.Build.0 = Release|x64
		{D93F64D7-501F-410A-99BB-0A3EEF7CB8DE}.Debug|Any CPU.ActiveCfg = Debug|Any CPU
		{D93F64D7-501F-410A-99BB-0A3EEF7CB8DE}.Debug|Any CPU.Build.0 = Debug|Any CPU
		{D93F64D7-501F-410A-99BB-0A3EEF7CB8DE}.Debug|x64.ActiveCfg = Debug|x64
		{D93F64D7-501F-410A-99BB-0A3EEF7CB8DE}.Debug|x64.Build.0 = Debug|x64
		{D93F64D7-501F-410A-99BB-0A3EEF7CB8DE}.Release|Any CPU.ActiveCfg = Release|Any CPU
		{D93F64D7-501F-410A-99BB-0A3EEF7CB8DE}.Release|Any CPU.Build.0 = Release|Any CPU
		{D93F64D7-501F-410A-99BB-0A3EEF7CB8DE}.Release|x64.ActiveCfg = Release|x64
		{D93F64D7-501F-410A-99BB-0A3EEF7CB8DE}.Release|x64.Build.0 = Release|x64
		{44E19F72-396D-4BD4-A62D-BEE07F31461B}.Debug|Any CPU.ActiveCfg = Debug|Any CPU
		{44E19F72-396D-4BD4-A62D-BEE07F31461B}.Debug|Any CPU.Build.0 = Debug|Any CPU
		{44E19F72-396D-4BD4-A62D-BEE07F31461B}.Debug|x64.ActiveCfg = Debug|x64
		{44E19F72-396D-4BD4-A62D-BEE07F31461B}.Debug|x64.Build.0 = Debug|x64
		{44E19F72-396D-4BD4-A62D-BEE07F31461B}.Release|Any CPU.ActiveCfg = Release|Any CPU
		{44E19F72-396D-4BD4-A62D-BEE07F31461B}.Release|Any CPU.Build.0 = Release|Any CPU
		{44E19F72-396D-4BD4-A62D-BEE07F31461B}.Release|x64.ActiveCfg = Release|x64
		{44E19F72-396D-4BD4-A62D-BEE07F31461B}.Release|x64.Build.0 = Release|x64
		{2C0B8D22-1A2D-45CB-987D-7033A027238C}.Debug|Any CPU.ActiveCfg = Debug|Any CPU
		{2C0B8D22-1A2D-45CB-987D-7033A027238C}.Debug|Any CPU.Build.0 = Debug|Any CPU
		{2C0B8D22-1A2D-45CB-987D-7033A027238C}.Debug|x64.ActiveCfg = Debug|x64
		{2C0B8D22-1A2D-45CB-987D-7033A027238C}.Debug|x64.Build.0 = Debug|x64
		{2C0B8D22-1A2D-45CB-987D-7033A027238C}.Release|Any CPU.ActiveCfg = Release|Any CPU
		{2C0B8D22-1A2D-45CB-987D-7033A027238C}.Release|Any CPU.Build.0 = Release|Any CPU
		{2C0B8D22-1A2D-45CB-987D-7033A027238C}.Release|x64.ActiveCfg = Release|x64
		{2C0B8D22-1A2D-45CB-987D-7033A027238C}.Release|x64.Build.0 = Release|x64
		{5ABDD52C-C08D-4DDB-9BA8-DE9E9C646896}.Debug|Any CPU.ActiveCfg = Debug|Any CPU
		{5ABDD52C-C08D-4DDB-9BA8-DE9E9C646896}.Debug|Any CPU.Build.0 = Debug|Any CPU
		{5ABDD52C-C08D-4DDB-9BA8-DE9E9C646896}.Debug|x64.ActiveCfg = Debug|x64
		{5ABDD52C-C08D-4DDB-9BA8-DE9E9C646896}.Debug|x64.Build.0 = Debug|x64
		{5ABDD52C-C08D-4DDB-9BA8-DE9E9C646896}.Release|Any CPU.ActiveCfg = Release|Any CPU
		{5ABDD52C-C08D-4DDB-9BA8-DE9E9C646896}.Release|Any CPU.Build.0 = Release|Any CPU
		{5ABDD52C-C08D-4DDB-9BA8-DE9E9C646896}.Release|x64.ActiveCfg = Release|x64
		{5ABDD52C-C08D-4DDB-9BA8-DE9E9C646896}.Release|x64.Build.0 = Release|x64
		{FF57D022-B7CA-4FC1-943C-03E8F27C294A}.Debug|Any CPU.ActiveCfg = Debug|Any CPU
		{FF57D022-B7CA-4FC1-943C-03E8F27C294A}.Debug|Any CPU.Build.0 = Debug|Any CPU
		{FF57D022-B7CA-4FC1-943C-03E8F27C294A}.Debug|x64.ActiveCfg = Debug|x64
		{FF57D022-B7CA-4FC1-943C-03E8F27C294A}.Debug|x64.Build.0 = Debug|x64
		{FF57D022-B7CA-4FC1-943C-03E8F27C294A}.Release|Any CPU.ActiveCfg = Release|Any CPU
		{FF57D022-B7CA-4FC1-943C-03E8F27C294A}.Release|Any CPU.Build.0 = Release|Any CPU
		{FF57D022-B7CA-4FC1-943C-03E8F27C294A}.Release|x64.ActiveCfg = Release|x64
		{FF57D022-B7CA-4FC1-943C-03E8F27C294A}.Release|x64.Build.0 = Release|x64
	EndGlobalSection
	GlobalSection(SolutionProperties) = preSolution
		HideSolutionNode = FALSE
	EndGlobalSection
	GlobalSection(NestedProjects) = preSolution
		{471F6992-FEFC-40AD-BCBB-8C3365FC8A58} = {802C585D-2D80-459C-8149-5EA27BECD876}
		{9CE16721-4F4F-494F-BA94-AB188341FAF8} = {802C585D-2D80-459C-8149-5EA27BECD876}
		{11E169BF-2804-4D7F-A9EE-F4F4B16C7E5C} = {802C585D-2D80-459C-8149-5EA27BECD876}
		{D1CB31B6-8579-44B5-B6FE-6B8B89A7B5A3} = {90D44B21-B0B5-45E0-AEC3-D3EEEDBCDB1D}
		{184BBFDD-E5EB-477F-BC6A-6990E92BDC0C} = {90D44B21-B0B5-45E0-AEC3-D3EEEDBCDB1D}
		{B83F85EB-BCF6-43DA-8A07-F6F2049D899D} = {A906671C-6741-4C81-8648-BA96273E8292}
		{B1AF2E8D-3350-4B00-8A4F-4101B234325F} = {A906671C-6741-4C81-8648-BA96273E8292}
		{DEEAAC42-DB82-46DA-AD34-A24027DEB202} = {998059AA-CE27-45C5-BF89-D60A5DDEC3C7}
		{8C2697EA-494A-4B7C-8D0E-DE60F80BB115} = {998059AA-CE27-45C5-BF89-D60A5DDEC3C7}
		{7710DBB1-CB8F-4118-AC30-CC08CB6936E7} = {998059AA-CE27-45C5-BF89-D60A5DDEC3C7}
		{DF80609A-FD7C-40EB-8E85-A18E396EC504} = {A9DEB4E4-525B-4043-A2FD-8CC9CBC9FD87}
		{286D4F65-A0B1-4E28-8934-2A10033E5382} = {A9DEB4E4-525B-4043-A2FD-8CC9CBC9FD87}
		{A7204E8E-459A-4E35-B514-2AD4AC1E6AFF} = {A9DEB4E4-525B-4043-A2FD-8CC9CBC9FD87}
		{AD2AFE8C-D675-47F1-9DA8-6B068AE48830} = {A9DEB4E4-525B-4043-A2FD-8CC9CBC9FD87}
		{347087E1-418F-4929-9514-65308939E8F3} = {049B6BC8-64FB-495A-959B-3D8A598E1747}
		{D93F64D7-501F-410A-99BB-0A3EEF7CB8DE} = {049B6BC8-64FB-495A-959B-3D8A598E1747}
		{44E19F72-396D-4BD4-A62D-BEE07F31461B} = {998059AA-CE27-45C5-BF89-D60A5DDEC3C7}
		{2C0B8D22-1A2D-45CB-987D-7033A027238C} = {998059AA-CE27-45C5-BF89-D60A5DDEC3C7}
		{5ABDD52C-C08D-4DDB-9BA8-DE9E9C646896} = {998059AA-CE27-45C5-BF89-D60A5DDEC3C7}
		{FF57D022-B7CA-4FC1-943C-03E8F27C294A} = {998059AA-CE27-45C5-BF89-D60A5DDEC3C7}
	EndGlobalSection
	GlobalSection(ExtensibilityGlobals) = postSolution
		RESX_CultureCountyOverrides = es=es-CO
		RESX_AutoCreateNewLanguageFiles = True
		RESX_SortFileContentOnSave = True
		RESX_ConfirmAddLanguageFile = True
		RESX_ResXSortingComparison = InvariantCultureIgnoreCase
		SolutionGuid = {B044B05A-9DC2-4AC1-9957-9EBE460C2EDD}
		RESX_SaveFilesImmediatelyUponChange = True
		RESX_RemoveEmptyEntries = False
	EndGlobalSection
EndGlobal
